// !$*UTF8*$!
{
	archiveVersion = 1;
	classes = {
	};
	objectVersion = 56;
	objects = {

/* Begin PBXBuildFile section */
		AA000001000000000000001 /* BlurItApp.swift in Sources */ = {isa = PBXBuildFile; fileRef = AA100001000000000000001 /* BlurItApp.swift */; };
		AA000002000000000000001 /* SettingsManager.swift in Sources */ = {isa = PBXBuildFile; fileRef = AA100002000000000000001 /* SettingsManager.swift */; };
		AA000003000000000000001 /* LoginItemManager.swift in Sources */ = {isa = PBXBuildFile; fileRef = AA100003000000000000001 /* LoginItemManager.swift */; };
		AA000004000000000000001 /* MenuBarController.swift in Sources */ = {isa = PBXBuildFile; fileRef = AA100004000000000000001 /* MenuBarController.swift */; };
		AA000005000000000000001 /* MenuViews.swift in Sources */ = {isa = PBXBuildFile; fileRef = AA100005000000000000001 /* MenuViews.swift */; };
		AA000006000000000000001 /* OverlayWindow.swift in Sources */ = {isa = PBXBuildFile; fileRef = AA100006000000000000001 /* OverlayWindow.swift */; };
		AA000007000000000000001 /* OverlayManager.swift in Sources */ = {isa = PBXBuildFile; fileRef = AA100007000000000000001 /* OverlayManager.swift */; };
		AA000008000000000000001 /* BlurRenderer.swift in Sources */ = {isa = PBXBuildFile; fileRef = AA100008000000000000001 /* BlurRenderer.swift */; };
		AA000009000000000000001 /* TextOverlayRenderer.swift in Sources */ = {isa = PBXBuildFile; fileRef = AA100009000000000000001 /* TextOverlayRenderer.swift */; };
		AA000010000000000000001 /* ShortcutManager.swift in Sources */ = {isa = PBXBuildFile; fileRef = AA100010000000000000001 /* ShortcutManager.swift */; };
		AA000011000000000000001 /* PreferencesView.swift in Sources */ = {isa = PBXBuildFile; fileRef = AA100011000000000000001 /* PreferencesView.swift */; };
		AA000012000000000000001 /* Assets.xcassets in Resources */ = {isa = PBXBuildFile; fileRef = AA100012000000000000001 /* Assets.xcassets */; };
		AA000014000000000000001 /* ExitButtonWindow.swift in Sources */ = {isa = PBXBuildFile; fileRef = AA100014000000000000001 /* ExitButtonWindow.swift */; };
		AA000015000000000000001 /* ContentOverlayView.swift in Sources */ = {isa = PBXBuildFile; fileRef = AA100015000000000000001 /* ContentOverlayView.swift */; };
/* End PBXBuildFile section */

/* Begin PBXFileReference section */
		AA100001000000000000001 /* BlurItApp.swift */ = {isa = PBXFileReference; lastKnownFileType = sourcecode.swift; path = BlurItApp.swift; sourceTree = "<group>"; };
		AA100002000000000000001 /* SettingsManager.swift */ = {isa = PBXFileReference; lastKnownFileType = sourcecode.swift; path = SettingsManager.swift; sourceTree = "<group>"; };
		AA100003000000000000001 /* LoginItemManager.swift */ = {isa = PBXFileReference; lastKnownFileType = sourcecode.swift; path = LoginItemManager.swift; sourceTree = "<group>"; };
		AA100004000000000000001 /* MenuBarController.swift */ = {isa = PBXFileReference; lastKnownFileType = sourcecode.swift; path = MenuBarController.swift; sourceTree = "<group>"; };
		AA100005000000000000001 /* MenuViews.swift */ = {isa = PBXFileReference; lastKnownFileType = sourcecode.swift; path = MenuViews.swift; sourceTree = "<group>"; };
		AA100006000000000000001 /* OverlayWindow.swift */ = {isa = PBXFileReference; lastKnownFileType = sourcecode.swift; path = OverlayWindow.swift; sourceTree = "<group>"; };
		AA100007000000000000001 /* OverlayManager.swift */ = {isa = PBXFileReference; lastKnownFileType = sourcecode.swift; path = OverlayManager.swift; sourceTree = "<group>"; };
		AA100008000000000000001 /* BlurRenderer.swift */ = {isa = PBXFileReference; lastKnownFileType = sourcecode.swift; path = BlurRenderer.swift; sourceTree = "<group>"; };
		AA100009000000000000001 /* TextOverlayRenderer.swift */ = {isa = PBXFileReference; lastKnownFileType = sourcecode.swift; path = TextOverlayRenderer.swift; sourceTree = "<group>"; };
		AA100010000000000000001 /* ShortcutManager.swift */ = {isa = PBXFileReference; lastKnownFileType = sourcecode.swift; path = ShortcutManager.swift; sourceTree = "<group>"; };
		AA100011000000000000001 /* PreferencesView.swift */ = {isa = PBXFileReference; lastKnownFileType = sourcecode.swift; path = PreferencesView.swift; sourceTree = "<group>"; };
		AA100012000000000000001 /* Assets.xcassets */ = {isa = PBXFileReference; lastKnownFileType = folder.assetcatalog; path = Assets.xcassets; sourceTree = "<group>"; };
		AA100013000000000000001 /* Info.plist */ = {isa = PBXFileReference; lastKnownFileType = text.plist.xml; path = Info.plist; sourceTree = "<group>"; };
		AA100014000000000000001 /* ExitButtonWindow.swift */ = {isa = PBXFileReference; lastKnownFileType = sourcecode.swift; path = ExitButtonWindow.swift; sourceTree = "<group>"; };
		AA100015000000000000001 /* ContentOverlayView.swift */ = {isa = PBXFileReference; lastKnownFileType = sourcecode.swift; path = ContentOverlayView.swift; sourceTree = "<group>"; };
		AA200001000000000000001 /* BlurIt.app */ = {isa = PBXFileReference; explicitFileType = wrapper.application; includeInIndex = 0; path = BlurIt.app; sourceTree = BUILT_PRODUCTS_DIR; };
/* End PBXFileReference section */

/* Begin PBXFrameworksBuildPhase section */
		AA300001000000000000001 /* Frameworks */ = {
			isa = PBXFrameworksBuildPhase;
			buildActionMask = 2147483647;
			files = (
			);
			runOnlyForDeploymentPostprocessing = 0;
		};
/* End PBXFrameworksBuildPhase section */

/* Begin PBXGroup section */
		AA400000000000000000001 = {
			isa = PBXGroup;
			children = (
				AA400001000000000000001 /* BlurIt */,
				AA400002000000000000001 /* Products */,
			);
			sourceTree = "<group>";
		};
		AA400001000000000000001 /* BlurIt */ = {
			isa = PBXGroup;
			children = (
				AA100001000000000000001 /* BlurItApp.swift */,
				AA100002000000000000001 /* SettingsManager.swift */,
				AA100003000000000000001 /* LoginItemManager.swift */,
				AA100004000000000000001 /* MenuBarController.swift */,
				AA100005000000000000001 /* MenuViews.swift */,
				AA100006000000000000001 /* OverlayWindow.swift */,
				AA100007000000000000001 /* OverlayManager.swift */,
				AA100008000000000000001 /* BlurRenderer.swift */,
				AA100009000000000000001 /* TextOverlayRenderer.swift */,
				AA100010000000000000001 /* ShortcutManager.swift */,
				AA100011000000000000001 /* PreferencesView.swift */,
				AA100012000000000000001 /* Assets.xcassets */,
				AA100013000000000000001 /* Info.plist */,
				AA100014000000000000001 /* ExitButtonWindow.swift */,
				AA100015000000000000001 /* ContentOverlayView.swift */,
			);
			path = BlurIt;
			sourceTree = "<group>";
		};
		AA400002000000000000001 /* Products */ = {
			isa = PBXGroup;
			children = (
				AA200001000000000000001 /* BlurIt.app */,
			);
			name = Products;
			sourceTree = "<group>";
		};
/* End PBXGroup section */

/* Begin PBXNativeTarget section */
		AA500001000000000000001 /* BlurIt */ = {
			isa = PBXNativeTarget;
			buildConfigurationList = AA700001000000000000001 /* Build configuration list for PBXNativeTarget "BlurIt" */;
			buildPhases = (
				AA600001000000000000001 /* Sources */,
				AA300001000000000000001 /* Frameworks */,
				AA600002000000000000001 /* Resources */,
			);
			buildRules = (
			);
			dependencies = (
			);
			name = BlurIt;
			productName = BlurIt;
			productReference = AA200001000000000000001 /* BlurIt.app */;
			productType = "com.apple.product-type.application";
		};
/* End PBXNativeTarget section */

/* Begin PBXProject section */
		AA800001000000000000001 /* Project object */ = {
			isa = PBXProject;
			attributes = {
				BuildIndependentTargetsInParallel = 1;
				LastSwiftUpdateCheck = 1500;
				LastUpgradeCheck = 2630;
				TargetAttributes = {
					AA500001000000000000001 = {
						CreatedOnToolsVersion = 15.0;
					};
				};
			};
			buildConfigurationList = AA700002000000000000001 /* Build configuration list for PBXProject "BlurIt" */;
			compatibilityVersion = "Xcode 14.0";
			developmentRegion = en;
			hasScannedForEncodings = 0;
			knownRegions = (
				en,
				Base,
			);
			mainGroup = AA400000000000000000001;
			productRefGroup = AA400002000000000000001 /* Products */;
			projectDirPath = "";
			projectRoot = "";
			targets = (
				AA500001000000000000001 /* BlurIt */,
			);
		};
/* End PBXProject section */

/* Begin PBXResourcesBuildPhase section */
		AA600002000000000000001 /* Resources */ = {
			isa = PBXResourcesBuildPhase;
			buildActionMask = 2147483647;
			files = (
				AA000012000000000000001 /* Assets.xcassets in Resources */,
			);
			runOnlyForDeploymentPostprocessing = 0;
		};
/* End PBXResourcesBuildPhase section */

/* Begin PBXSourcesBuildPhase section */
		AA600001000000000000001 /* Sources */ = {
			isa = PBXSourcesBuildPhase;
			buildActionMask = 2147483647;
			files = (
				AA000001000000000000001 /* BlurItApp.swift in Sources */,
				AA000002000000000000001 /* SettingsManager.swift in Sources */,
				AA000003000000000000001 /* LoginItemManager.swift in Sources */,
				AA000004000000000000001 /* MenuBarController.swift in Sources */,
				AA000005000000000000001 /* MenuViews.swift in Sources */,
				AA000006000000000000001 /* OverlayWindow.swift in Sources */,
				AA000007000000000000001 /* OverlayManager.swift in Sources */,
				AA000008000000000000001 /* BlurRenderer.swift in Sources */,
				AA000009000000000000001 /* TextOverlayRenderer.swift in Sources */,
				AA000010000000000000001 /* ShortcutManager.swift in Sources */,
				AA000011000000000000001 /* PreferencesView.swift in Sources */,
				AA000014000000000000001 /* ExitButtonWindow.swift in Sources */,
				AA000015000000000000001 /* ContentOverlayView.swift in Sources */,
			);
			runOnlyForDeploymentPostprocessing = 0;
		};
/* End PBXSourcesBuildPhase section */

/* Begin XCBuildConfiguration section */
		AA700003000000000000001 /* Debug */ = {
			isa = XCBuildConfiguration;
			buildSettings = {
				ALWAYS_SEARCH_USER_PATHS = NO;
				ASSETCATALOG_COMPILER_GENERATE_SWIFT_ASSET_SYMBOL_EXTENSIONS = YES;
				CLANG_ANALYZER_NONNULL = YES;
				CLANG_ANALYZER_NUMBER_OBJECT_CONVERSION = YES_AGGRESSIVE;
				CLANG_CXX_LANGUAGE_STANDARD = "gnu++20";
				CLANG_ENABLE_MODULES = YES;
				CLANG_ENABLE_OBJC_ARC = YES;
				CLANG_ENABLE_OBJC_WEAK = YES;
				CLANG_WARN_BLOCK_CAPTURE_AUTORELEASING = YES;
				CLANG_WARN_BOOL_CONVERSION = YES;
				CLANG_WARN_COMMA = YES;
				CLANG_WARN_CONSTANT_CONVERSION = YES;
				CLANG_WARN_DEPRECATED_OBJC_IMPLEMENTATIONS = YES;
				CLANG_WARN_DIRECT_OBJC_ISA_USAGE = YES_ERROR;
				CLANG_WARN_DOCUMENTATION_COMMENTS = YES;
				CLANG_WARN_EMPTY_BODY = YES;
				CLANG_WARN_ENUM_CONVERSION = YES;
				CLANG_WARN_INFINITE_RECURSION = YES;
				CLANG_WARN_INT_CONVERSION = YES;
				CLANG_WARN_NON_LITERAL_NULL_CONVERSION = YES;
				CLANG_WARN_OBJC_IMPLICIT_RETAIN_CYCLES = YES;
				CLANG_WARN_OBJC_IMPLICIT_RETAIN_SELF = YES;
				CLANG_WARN_OBJC_LITERAL_CONVERSION = YES;
				CLANG_WARN_OBJC_ROOT_CLASS = YES_ERROR;
				CLANG_WARN_QUOTED_INCLUDE_IN_FRAMEWORK_HEADER = YES;
				CLANG_WARN_RANGE_LOOP_ANALYSIS = YES;
				CLANG_WARN_STRICT_PROTOTYPES = YES;
				CLANG_WARN_SUSPICIOUS_MOVE = YES;
				CLANG_WARN_UNGUARDED_AVAILABILITY = YES_AGGRESSIVE;
				CLANG_WARN_UNREACHABLE_CODE = YES;
				CLANG_WARN__DUPLICATE_METHOD_MATCH = YES;
				COPY_PHASE_STRIP = NO;
				DEAD_CODE_STRIPPING = YES;
				DEBUG_INFORMATION_FORMAT = dwarf;
				ENABLE_STRICT_OBJC_MSGSEND = YES;
				ENABLE_TESTABILITY = YES;
				ENABLE_USER_SCRIPT_SANDBOXING = YES;
				GCC_C_LANGUAGE_STANDARD = gnu17;
				GCC_DYNAMIC_NO_PIC = NO;
				GCC_NO_COMMON_BLOCKS = YES;
				GCC_OPTIMIZATION_LEVEL = 0;
				GCC_PREPROCESSOR_DEFINITIONS = (
					"DEBUG=1",
					"$(inherited)",
				);
				GCC_WARN_64_TO_32_BIT_CONVERSION = YES;
				GCC_WARN_ABOUT_RETURN_TYPE = YES_ERROR;
				GCC_WARN_UNDECLARED_SELECTOR = YES;
				GCC_WARN_UNINITIALIZED_AUTOS = YES_AGGRESSIVE;
				GCC_WARN_UNUSED_FUNCTION = YES;
				GCC_WARN_UNUSED_VARIABLE = YES;
				LOCALIZATION_PREFERS_STRING_CATALOGS = YES;
				MACOSX_DEPLOYMENT_TARGET = 13.0;
				MTL_ENABLE_DEBUG_INFO = INCLUDE_SOURCE;
				MTL_FAST_MATH = YES;
				ONLY_ACTIVE_ARCH = YES;
				SDKROOT = macosx;
				STRING_CATALOG_GENERATE_SYMBOLS = YES;
				SWIFT_ACTIVE_COMPILATION_CONDITIONS = "DEBUG $(inherited)";
				SWIFT_OPTIMIZATION_LEVEL = "-Onone";
			};
			name = Debug;
		};
		AA700004000000000000001 /* Release */ = {
			isa = XCBuildConfiguration;
			buildSettings = {
				ALWAYS_SEARCH_USER_PATHS = NO;
				ASSETCATALOG_COMPILER_GENERATE_SWIFT_ASSET_SYMBOL_EXTENSIONS = YES;
				CLANG_ANALYZER_NONNULL = YES;
				CLANG_ANALYZER_NUMBER_OBJECT_CONVERSION = YES_AGGRESSIVE;
				CLANG_CXX_LANGUAGE_STANDARD = "gnu++20";
				CLANG_ENABLE_MODULES = YES;
				CLANG_ENABLE_OBJC_ARC = YES;
				CLANG_ENABLE_OBJC_WEAK = YES;
				CLANG_WARN_BLOCK_CAPTURE_AUTORELEASING = YES;
				CLANG_WARN_BOOL_CONVERSION = YES;
				CLANG_WARN_COMMA = YES;
				CLANG_WARN_CONSTANT_CONVERSION = YES;
				CLANG_WARN_DEPRECATED_OBJC_IMPLEMENTATIONS = YES;
				CLANG_WARN_DIRECT_OBJC_ISA_USAGE = YES_ERROR;
				CLANG_WARN_DOCUMENTATION_COMMENTS = YES;
				CLANG_WARN_EMPTY_BODY = YES;
				CLANG_WARN_ENUM_CONVERSION = YES;
				CLANG_WARN_INFINITE_RECURSION = YES;
				CLANG_WARN_INT_CONVERSION = YES;
				CLANG_WARN_NON_LITERAL_NULL_CONVERSION = YES;
				CLANG_WARN_OBJC_IMPLICIT_RETAIN_CYCLES = YES;
				CLANG_WARN_OBJC_IMPLICIT_RETAIN_SELF = YES;
				CLANG_WARN_OBJC_LITERAL_CONVERSION = YES;
				CLANG_WARN_OBJC_ROOT_CLASS = YES_ERROR;
				CLANG_WARN_QUOTED_INCLUDE_IN_FRAMEWORK_HEADER = YES;
				CLANG_WARN_RANGE_LOOP_ANALYSIS = YES;
				CLANG_WARN_STRICT_PROTOTYPES = YES;
				CLANG_WARN_SUSPICIOUS_MOVE = YES;
				CLANG_WARN_UNGUARDED_AVAILABILITY = YES_AGGRESSIVE;
				CLANG_WARN_UNREACHABLE_CODE = YES;
				CLANG_WARN__DUPLICATE_METHOD_MATCH = YES;
				COPY_PHASE_STRIP = NO;
				DEAD_CODE_STRIPPING = YES;
				DEBUG_INFORMATION_FORMAT = "dwarf-with-dsym";
				ENABLE_NS_ASSERTIONS = NO;
				ENABLE_STRICT_OBJC_MSGSEND = YES;
				ENABLE_USER_SCRIPT_SANDBOXING = YES;
				GCC_C_LANGUAGE_STANDARD = gnu17;
				GCC_NO_COMMON_BLOCKS = YES;
				GCC_WARN_64_TO_32_BIT_CONVERSION = YES;
				GCC_WARN_ABOUT_RETURN_TYPE = YES_ERROR;
				GCC_WARN_UNDECLARED_SELECTOR = YES;
				GCC_WARN_UNINITIALIZED_AUTOS = YES_AGGRESSIVE;
				GCC_WARN_UNUSED_FUNCTION = YES;
				GCC_WARN_UNUSED_VARIABLE = YES;
				LOCALIZATION_PREFERS_STRING_CATALOGS = YES;
				MACOSX_DEPLOYMENT_TARGET = 13.0;
				MTL_FAST_MATH = YES;
				SDKROOT = macosx;
				STRING_CATALOG_GENERATE_SYMBOLS = YES;
				SWIFT_COMPILATION_MODE = wholemodule;
				SWIFT_OPTIMIZATION_LEVEL = "-O";
			};
			name = Release;
		};
		AA700005000000000000001 /* Debug */ = {
			isa = XCBuildConfiguration;
			buildSettings = {
				ASSETCATALOG_COMPILER_APPICON_NAME = AppIcon;
				ASSETCATALOG_COMPILER_GLOBAL_ACCENT_COLOR_NAME = AccentColor;
				CODE_SIGN_ENTITLEMENTS = BlurIt/BlurIt.entitlements;
				CODE_SIGN_STYLE = Automatic;
				COMBINE_HIDPI_IMAGES = YES;
				CURRENT_PROJECT_VERSION = 1;
				DEAD_CODE_STRIPPING = YES;
				GENERATE_INFOPLIST_FILE = NO;
				INFOPLIST_FILE = BlurIt/Info.plist;
				INFOPLIST_KEY_NSHumanReadableCopyright = "";
				LD_RUNPATH_SEARCH_PATHS = (
					"$(inherited)",
					"@executable_path/../Frameworks",
				);
				MACOSX_DEPLOYMENT_TARGET = 13.0;
				MARKETING_VERSION = 1.0;
				PRODUCT_BUNDLE_IDENTIFIER = com.blurit.app;
				PRODUCT_NAME = "$(TARGET_NAME)";
				SWIFT_EMIT_LOC_STRINGS = YES;
				SWIFT_VERSION = 5.0;
			};
			name = Debug;
		};
		AA700006000000000000001 /* Release */ = {
			isa = XCBuildConfiguration;
			buildSettings = {
				ASSETCATALOG_COMPILER_APPICON_NAME = AppIcon;
				ASSETCATALOG_COMPILER_GLOBAL_ACCENT_COLOR_NAME = AccentColor;
				CODE_SIGN_ENTITLEMENTS = BlurIt/BlurIt.entitlements;
				CODE_SIGN_STYLE = Automatic;
				COMBINE_HIDPI_IMAGES = YES;
				CURRENT_PROJECT_VERSION = 1;
				DEAD_CODE_STRIPPING = YES;
				GENERATE_INFOPLIST_FILE = NO;
				INFOPLIST_FILE = BlurIt/Info.plist;
				INFOPLIST_KEY_NSHumanReadableCopyright = "";
				LD_RUNPATH_SEARCH_PATHS = (
					"$(inherited)",
					"@executable_path/../Frameworks",
				);
				MACOSX_DEPLOYMENT_TARGET = 13.0;
				MARKETING_VERSION = 1.0;
				PRODUCT_BUNDLE_IDENTIFIER = com.blurit.app;
				PRODUCT_NAME = "$(TARGET_NAME)";
				SWIFT_EMIT_LOC_STRINGS = YES;
				SWIFT_VERSION = 5.0;
			};
			name = Release;
		};
/* End XCBuildConfiguration section */

/* Begin XCConfigurationList section */
		AA700001000000000000001 /* Build configuration list for PBXNativeTarget "BlurIt" */ = {
			isa = XCConfigurationList;
			buildConfigurations = (
				AA700005000000000000001 /* Debug */,
				AA700006000000000000001 /* Release */,
			);
			defaultConfigurationIsVisible = 0;
			defaultConfigurationName = Release;
		};
		AA700002000000000000001 /* Build configuration list for PBXProject "BlurIt" */ = {
			isa = XCConfigurationList;
			buildConfigurations = (
				AA700003000000000000001 /* Debug */,
				AA700004000000000000001 /* Release */,
			);
			defaultConfigurationIsVisible = 0;
			defaultConfigurationName = Release;
		};
/* End XCConfigurationList section */
	};
	rootObject = AA800001000000000000001 /* Project object */;
}
